github.com/shantanubhadoria/go-roman v0.0.0-20180925203848-b6cf86aa5b76 h1:yMBHiWaX2XBKRKspoQUE25LYg6kQnIuwu8VcnDnc7Q4=
github.com/shantanubhadoria/go-roman v0.0.0-20180925203848-b6cf86aa5b76/go.mod h1:VZ+x5KT8KEeHOCupACg8DQ7D+HlOodz5v4iSXO5my2Y=
github.com/summed/goromans v0.0.0-20170616092337-c2a932e7e742 h1:CXrscdjWirtToG/IFS12up1M90TqHhYhijjXUEBQCQY=
github.com/summed/goromans v0.0.0-20170616092337-c2a932e7e742/go.mod h1:DU41wIh7LeexzzM8mKng3MDS3GsEwKj3C9KqZRYNZEE=
